{
  "version": 4,
  "terraform_version": "1.12.2",
  "serial": 53,
  "lineage": "044a5251-7402-5082-8dd1-cc7f61325b28",
  "outputs": {
    "backend_pool_id": {
      "value": "/subscriptions/6e05c1d3-15e2-4383-a0dc-2d5a20e44289/resourceGroups/rg-sdstest-lb-prod/providers/Microsoft.Network/loadBalancers/sdstest-ilb-01-prod/backendAddressPools/backend-pool",
      "type": "string"
    },
    "frontend_ip_address": {
      "value": "10.241.11.200",
      "type": "string"
    },
    "frontend_ip_configuration_name": {
      "value": "sdstest-ilb-01-prod-fe",
      "type": "string"
    },
    "load_balancer_id": {
      "value": "/subscriptions/6e05c1d3-15e2-4383-a0dc-2d5a20e44289/resourceGroups/rg-sdstest-lb-prod/providers/Microsoft.Network/loadBalancers/sdstest-ilb-01-prod",
      "type": "string"
    },
    "subnet_id": {
      "value": "/subscriptions/6e05c1d3-15e2-4383-a0dc-2d5a20e44289/resourceGroups/m-spokeconfig-rg/providers/Microsoft.Network/virtualNetworks/SDSvNetTest-vnet/subnets/subnet2",
      "type": "string"
    }
  },
  "resources": [
    {
      "mode": "data",
      "type": "azurerm_network_interface",
      "name": "skynet01",
      "provider": "provider[\"registry.terraform.io/hashicorp/azurerm\"]",
      "instances": [
        {
          "schema_version": 0,
          "attributes": {
            "accelerated_networking_enabled": false,
            "applied_dns_servers": [],
            "dns_servers": [],
            "enable_accelerated_networking": false,
            "enable_ip_forwarding": false,
            "id": "/subscriptions/6e05c1d3-15e2-4383-a0dc-2d5a20e44289/resourceGroups/Skynet-VMs-RG/providers/Microsoft.Network/networkInterfaces/Skynet01-nic",
            "internal_dns_name_label": "",
            "ip_configuration": [
              {
                "application_gateway_backend_address_pools_ids": [],
                "application_security_group_ids": [],
                "gateway_load_balancer_frontend_ip_configuration_id": "",
                "load_balancer_backend_address_pools_ids": [],
                "load_balancer_inbound_nat_rules_ids": [],
                "name": "internal",
                "primary": true,
                "private_ip_address": "10.241.11.135",
                "private_ip_address_allocation": "Dynamic",
                "private_ip_address_version": "IPv4",
                "public_ip_address_id": "",
                "subnet_id": "/subscriptions/6e05c1d3-15e2-4383-a0dc-2d5a20e44289/resourceGroups/m-spokeconfig-rg/providers/Microsoft.Network/virtualNetworks/SDSvNetTest-vnet/subnets/subnet2"
              }
            ],
            "ip_forwarding_enabled": false,
            "location": "uksouth",
            "mac_address": "00-22-48-07-33-C6",
            "name": "Skynet01-nic",
            "network_security_group_id": "/subscriptions/6e05c1d3-15e2-4383-a0dc-2d5a20e44289/resourceGroups/Skynet-VMs-RG/providers/Microsoft.Network/networkSecurityGroups/skynet-nsg",
            "private_ip_address": "10.241.11.135",
            "private_ip_addresses": [
              "10.241.11.135"
            ],
            "resource_group_name": "Skynet-VMs-RG",
            "tags": {
              "Environment": "Production",
              "ManagedBy": "Terraform",
              "Purpose": "Skynet VMs"
            },
            "timeouts": null,
            "virtual_machine_id": "/subscriptions/6e05c1d3-15e2-4383-a0dc-2d5a20e44289/resourceGroups/Skynet-VMs-RG/providers/Microsoft.Compute/virtualMachines/Skynet01"
          },
          "sensitive_attributes": [],
          "identity_schema_version": 0
        }
      ]
    },
    {
      "mode": "data",
      "type": "azurerm_network_interface",
      "name": "skynet02",
      "provider": "provider[\"registry.terraform.io/hashicorp/azurerm\"]",
      "instances": [
        {
          "schema_version": 0,
          "attributes": {
            "accelerated_networking_enabled": false,
            "applied_dns_servers": [],
            "dns_servers": [],
            "enable_accelerated_networking": false,
            "enable_ip_forwarding": false,
            "id": "/subscriptions/6e05c1d3-15e2-4383-a0dc-2d5a20e44289/resourceGroups/Skynet-VMs-RG/providers/Microsoft.Network/networkInterfaces/Skynet02-nic",
            "internal_dns_name_label": "",
            "ip_configuration": [
              {
                "application_gateway_backend_address_pools_ids": [],
                "application_security_group_ids": [],
                "gateway_load_balancer_frontend_ip_configuration_id": "",
                "load_balancer_backend_address_pools_ids": [],
                "load_balancer_inbound_nat_rules_ids": [],
                "name": "internal",
                "primary": true,
                "private_ip_address": "10.241.11.134",
                "private_ip_address_allocation": "Dynamic",
                "private_ip_address_version": "IPv4",
                "public_ip_address_id": "",
                "subnet_id": "/subscriptions/6e05c1d3-15e2-4383-a0dc-2d5a20e44289/resourceGroups/m-spokeconfig-rg/providers/Microsoft.Network/virtualNetworks/SDSvNetTest-vnet/subnets/subnet2"
              }
            ],
            "ip_forwarding_enabled": false,
            "location": "uksouth",
            "mac_address": "00-22-48-01-7A-85",
            "name": "Skynet02-nic",
            "network_security_group_id": "/subscriptions/6e05c1d3-15e2-4383-a0dc-2d5a20e44289/resourceGroups/Skynet-VMs-RG/providers/Microsoft.Network/networkSecurityGroups/skynet-nsg",
            "private_ip_address": "10.241.11.134",
            "private_ip_addresses": [
              "10.241.11.134"
            ],
            "resource_group_name": "Skynet-VMs-RG",
            "tags": {
              "Environment": "Production",
              "ManagedBy": "Terraform",
              "Purpose": "Skynet VMs"
            },
            "timeouts": null,
            "virtual_machine_id": "/subscriptions/6e05c1d3-15e2-4383-a0dc-2d5a20e44289/resourceGroups/Skynet-VMs-RG/providers/Microsoft.Compute/virtualMachines/Skynet02"
          },
          "sensitive_attributes": [],
          "identity_schema_version": 0
        }
      ]
    },
    {
      "mode": "data",
      "type": "azurerm_resource_group",
      "name": "app_rg",
      "provider": "provider[\"registry.terraform.io/hashicorp/azurerm\"]",
      "instances": [
        {
          "schema_version": 0,
          "attributes": {
            "id": "/subscriptions/6e05c1d3-15e2-4383-a0dc-2d5a20e44289/resourceGroups/rg-sdstest-lb-prod",
            "location": "uksouth",
            "managed_by": "",
            "name": "rg-sdstest-lb-prod",
            "tags": {},
            "timeouts": null
          },
          "sensitive_attributes": [],
          "identity_schema_version": 0
        }
      ]
    },
    {
      "mode": "data",
      "type": "azurerm_subnet",
      "name": "app",
      "provider": "provider[\"registry.terraform.io/hashicorp/azurerm\"]",
      "instances": [
        {
          "schema_version": 0,
          "attributes": {
            "address_prefix": "10.241.11.128/25",
            "address_prefixes": [
              "10.241.11.128/25"
            ],
            "default_outbound_access_enabled": true,
            "enforce_private_link_endpoint_network_policies": true,
            "enforce_private_link_service_network_policies": false,
            "id": "/subscriptions/6e05c1d3-15e2-4383-a0dc-2d5a20e44289/resourceGroups/m-spokeconfig-rg/providers/Microsoft.Network/virtualNetworks/SDSvNetTest-vnet/subnets/subnet2",
            "name": "subnet2",
            "network_security_group_id": "/subscriptions/6e05c1d3-15e2-4383-a0dc-2d5a20e44289/resourceGroups/m-spokeconfig-rg/providers/Microsoft.Network/networkSecurityGroups/SDSvNetTest-nsg",
            "private_endpoint_network_policies": "Disabled",
            "private_endpoint_network_policies_enabled": false,
            "private_link_service_network_policies_enabled": true,
            "resource_group_name": "m-spokeconfig-rg",
            "route_table_id": "",
            "service_endpoints": [
              "Microsoft.Storage"
            ],
            "timeouts": null,
            "virtual_network_name": "SDSvNetTest-vnet"
          },
          "sensitive_attributes": [],
          "identity_schema_version": 0
        }
      ]
    },
    {
      "mode": "data",
      "type": "azurerm_virtual_network",
      "name": "vnet",
      "provider": "provider[\"registry.terraform.io/hashicorp/azurerm\"]",
      "instances": [
        {
          "schema_version": 0,
          "attributes": {
            "address_space": [
              "10.241.11.0/24"
            ],
            "dns_servers": [
              "10.242.249.4"
            ],
            "guid": "9890d38f-94a4-4059-b8ee-67ce3e13cf8f",
            "id": "/subscriptions/6e05c1d3-15e2-4383-a0dc-2d5a20e44289/resourceGroups/m-spokeconfig-rg/providers/Microsoft.Network/virtualNetworks/SDSvNetTest-vnet",
            "location": "uksouth",
            "name": "SDSvNetTest-vnet",
            "resource_group_name": "m-spokeconfig-rg",
            "subnets": [
              "main-subnet",
              "subnet2"
            ],
            "tags": {},
            "timeouts": null,
            "vnet_peerings": {
              "peering-SDSvNetTest-vnet-to-M-hub-uksouth-vnet": "/subscriptions/f2332963-f81e-4c39-953c-c04510584ba2/resourceGroups/M-hub-PRD-uksouth-RG/providers/Microsoft.Network/virtualNetworks/M-hub-uksouth-vnet"
            },
            "vnet_peerings_addresses": [
              "10.242.248.0/21"
            ]
          },
          "sensitive_attributes": [],
          "identity_schema_version": 0
        }
      ]
    },
    {
      "mode": "managed",
      "type": "azurerm_network_interface_backend_address_pool_association",
      "name": "skynet01",
      "provider": "provider[\"registry.terraform.io/hashicorp/azurerm\"]",
      "instances": [
        {
          "schema_version": 0,
          "attributes": {
            "backend_address_pool_id": "/subscriptions/6e05c1d3-15e2-4383-a0dc-2d5a20e44289/resourceGroups/rg-sdstest-lb-prod/providers/Microsoft.Network/loadBalancers/sdstest-ilb-01-prod/backendAddressPools/backend-pool",
            "id": "/subscriptions/6e05c1d3-15e2-4383-a0dc-2d5a20e44289/resourceGroups/Skynet-VMs-RG/providers/Microsoft.Network/networkInterfaces/Skynet01-nic/ipConfigurations/internal|/subscriptions/6e05c1d3-15e2-4383-a0dc-2d5a20e44289/resourceGroups/rg-sdstest-lb-prod/providers/Microsoft.Network/loadBalancers/sdstest-ilb-01-prod/backendAddressPools/backend-pool",
            "ip_configuration_name": "internal",
            "network_interface_id": "/subscriptions/6e05c1d3-15e2-4383-a0dc-2d5a20e44289/resourceGroups/Skynet-VMs-RG/providers/Microsoft.Network/networkInterfaces/Skynet01-nic",
            "timeouts": null
          },
          "sensitive_attributes": [],
          "identity_schema_version": 0,
          "private": "eyJlMmJmYjczMC1lY2FhLTExZTYtOGY4OC0zNDM2M2JjN2M0YzAiOnsiY3JlYXRlIjoxODAwMDAwMDAwMDAwLCJkZWxldGUiOjE4MDAwMDAwMDAwMDAsInJlYWQiOjMwMDAwMDAwMDAwMH19",
          "dependencies": [
            "data.azurerm_network_interface.skynet01",
            "data.azurerm_resource_group.app_rg",
            "data.azurerm_subnet.app",
            "data.azurerm_virtual_network.vnet",
            "module.internal_lb.azurerm_lb.this",
            "module.internal_lb.azurerm_lb_backend_address_pool.this",
            "module.internal_lb.azurerm_public_ip.this"
          ]
        }
      ]
    },
    {
      "mode": "managed",
      "type": "azurerm_network_interface_backend_address_pool_association",
      "name": "skynet02",
      "provider": "provider[\"registry.terraform.io/hashicorp/azurerm\"]",
      "instances": [
        {
          "schema_version": 0,
          "attributes": {
            "backend_address_pool_id": "/subscriptions/6e05c1d3-15e2-4383-a0dc-2d5a20e44289/resourceGroups/rg-sdstest-lb-prod/providers/Microsoft.Network/loadBalancers/sdstest-ilb-01-prod/backendAddressPools/backend-pool",
            "id": "/subscriptions/6e05c1d3-15e2-4383-a0dc-2d5a20e44289/resourceGroups/Skynet-VMs-RG/providers/Microsoft.Network/networkInterfaces/Skynet02-nic/ipConfigurations/internal|/subscriptions/6e05c1d3-15e2-4383-a0dc-2d5a20e44289/resourceGroups/rg-sdstest-lb-prod/providers/Microsoft.Network/loadBalancers/sdstest-ilb-01-prod/backendAddressPools/backend-pool",
            "ip_configuration_name": "internal",
            "network_interface_id": "/subscriptions/6e05c1d3-15e2-4383-a0dc-2d5a20e44289/resourceGroups/Skynet-VMs-RG/providers/Microsoft.Network/networkInterfaces/Skynet02-nic",
            "timeouts": null
          },
          "sensitive_attributes": [],
          "identity_schema_version": 0,
          "private": "eyJlMmJmYjczMC1lY2FhLTExZTYtOGY4OC0zNDM2M2JjN2M0YzAiOnsiY3JlYXRlIjoxODAwMDAwMDAwMDAwLCJkZWxldGUiOjE4MDAwMDAwMDAwMDAsInJlYWQiOjMwMDAwMDAwMDAwMH19",
          "dependencies": [
            "data.azurerm_network_interface.skynet02",
            "data.azurerm_resource_group.app_rg",
            "data.azurerm_subnet.app",
            "data.azurerm_virtual_network.vnet",
            "module.internal_lb.azurerm_lb.this",
            "module.internal_lb.azurerm_lb_backend_address_pool.this",
            "module.internal_lb.azurerm_public_ip.this"
          ]
        }
      ]
    },
    {
      "module": "module.internal_lb",
      "mode": "data",
      "type": "azurerm_monitor_diagnostic_categories",
      "name": "lb",
      "provider": "module.internal_lb.provider[\"registry.terraform.io/hashicorp/azurerm\"]",
      "instances": [
        {
          "schema_version": 0,
          "attributes": {
            "id": "/subscriptions/6e05c1d3-15e2-4383-a0dc-2d5a20e44289/resourceGroups/rg-sdstest-lb-prod/providers/Microsoft.Network/loadBalancers/sdstest-ilb-01-prod",
            "log_category_groups": [
              "allLogs"
            ],
            "log_category_types": [
              "LoadBalancerHealthEvent"
            ],
            "logs": [
              "LoadBalancerHealthEvent"
            ],
            "metrics": [
              "AllMetrics"
            ],
            "resource_id": "/subscriptions/6e05c1d3-15e2-4383-a0dc-2d5a20e44289/resourceGroups/rg-sdstest-lb-prod/providers/Microsoft.Network/loadBalancers/sdstest-ilb-01-prod",
            "timeouts": null
          },
          "sensitive_attributes": [],
          "identity_schema_version": 0
        }
      ]
    },
    {
      "module": "module.internal_lb",
      "mode": "managed",
      "type": "azurerm_lb",
      "name": "this",
      "provider": "module.internal_lb.provider[\"registry.terraform.io/hashicorp/azurerm\"]",
      "instances": [
        {
          "schema_version": 0,
          "attributes": {
            "edge_zone": "",
            "frontend_ip_configuration": [
              {
                "gateway_load_balancer_frontend_ip_configuration_id": "",
                "id": "/subscriptions/6e05c1d3-15e2-4383-a0dc-2d5a20e44289/resourceGroups/rg-sdstest-lb-prod/providers/Microsoft.Network/loadBalancers/sdstest-ilb-01-prod/frontendIPConfigurations/sdstest-ilb-01-prod-fe",
                "inbound_nat_rules": [],
                "load_balancer_rules": [
                  "/subscriptions/6e05c1d3-15e2-4383-a0dc-2d5a20e44289/resourceGroups/rg-sdstest-lb-prod/providers/Microsoft.Network/loadBalancers/sdstest-ilb-01-prod/loadBalancingRules/http-80",
                  "/subscriptions/6e05c1d3-15e2-4383-a0dc-2d5a20e44289/resourceGroups/rg-sdstest-lb-prod/providers/Microsoft.Network/loadBalancers/sdstest-ilb-01-prod/loadBalancingRules/https-443"
                ],
                "name": "sdstest-ilb-01-prod-fe",
                "outbound_rules": [],
                "private_ip_address": "10.241.11.200",
                "private_ip_address_allocation": "Static",
                "private_ip_address_version": "IPv4",
                "public_ip_address_id": "",
                "public_ip_prefix_id": "",
                "subnet_id": "/subscriptions/6e05c1d3-15e2-4383-a0dc-2d5a20e44289/resourceGroups/m-spokeconfig-rg/providers/Microsoft.Network/virtualNetworks/SDSvNetTest-vnet/subnets/subnet2",
                "zones": []
              }
            ],
            "id": "/subscriptions/6e05c1d3-15e2-4383-a0dc-2d5a20e44289/resourceGroups/rg-sdstest-lb-prod/providers/Microsoft.Network/loadBalancers/sdstest-ilb-01-prod",
            "location": "uksouth",
            "name": "sdstest-ilb-01-prod",
            "private_ip_address": "10.241.11.200",
            "private_ip_addresses": [
              "10.241.11.200"
            ],
            "resource_group_name": "rg-sdstest-lb-prod",
            "sku": "Standard",
            "sku_tier": "Regional",
            "tags": {
              "compliance": "alz",
              "costCenter": "IT-DEPT",
              "dataClass": "internal",
              "env": "prod",
              "managedBy": "terraform",
              "owner": "your-name",
              "service": "app-name"
            },
            "timeouts": null
          },
          "sensitive_attributes": [],
          "identity_schema_version": 0,
          "private": "eyJlMmJmYjczMC1lY2FhLTExZTYtOGY4OC0zNDM2M2JjN2M0YzAiOnsiY3JlYXRlIjoxODAwMDAwMDAwMDAwLCJkZWxldGUiOjE4MDAwMDAwMDAwMDAsInJlYWQiOjMwMDAwMDAwMDAwMCwidXBkYXRlIjoxODAwMDAwMDAwMDAwfX0=",
          "dependencies": [
            "data.azurerm_resource_group.app_rg",
            "data.azurerm_subnet.app",
            "data.azurerm_virtual_network.vnet",
            "module.internal_lb.azurerm_public_ip.this"
          ]
        }
      ]
    },
    {
      "module": "module.internal_lb",
      "mode": "managed",
      "type": "azurerm_lb_backend_address_pool",
      "name": "this",
      "provider": "module.internal_lb.provider[\"registry.terraform.io/hashicorp/azurerm\"]",
      "instances": [
        {
          "schema_version": 0,
          "attributes": {
            "backend_ip_configurations": [
              "/subscriptions/6e05c1d3-15e2-4383-a0dc-2d5a20e44289/resourceGroups/Skynet-VMs-RG/providers/Microsoft.Network/networkInterfaces/Skynet02-nic/ipConfigurations/internal",
              "/subscriptions/6e05c1d3-15e2-4383-a0dc-2d5a20e44289/resourceGroups/Skynet-VMs-RG/providers/Microsoft.Network/networkInterfaces/Skynet01-nic/ipConfigurations/internal"
            ],
            "id": "/subscriptions/6e05c1d3-15e2-4383-a0dc-2d5a20e44289/resourceGroups/rg-sdstest-lb-prod/providers/Microsoft.Network/loadBalancers/sdstest-ilb-01-prod/backendAddressPools/backend-pool",
            "inbound_nat_rules": [],
            "load_balancing_rules": [
              "/subscriptions/6e05c1d3-15e2-4383-a0dc-2d5a20e44289/resourceGroups/rg-sdstest-lb-prod/providers/Microsoft.Network/loadBalancers/sdstest-ilb-01-prod/loadBalancingRules/https-443",
              "/subscriptions/6e05c1d3-15e2-4383-a0dc-2d5a20e44289/resourceGroups/rg-sdstest-lb-prod/providers/Microsoft.Network/loadBalancers/sdstest-ilb-01-prod/loadBalancingRules/http-80"
            ],
            "loadbalancer_id": "/subscriptions/6e05c1d3-15e2-4383-a0dc-2d5a20e44289/resourceGroups/rg-sdstest-lb-prod/providers/Microsoft.Network/loadBalancers/sdstest-ilb-01-prod",
            "name": "backend-pool",
            "outbound_rules": [],
            "synchronous_mode": "",
            "timeouts": null,
            "tunnel_interface": [],
            "virtual_network_id": ""
          },
          "sensitive_attributes": [],
          "identity_schema_version": 0,
          "private": "eyJlMmJmYjczMC1lY2FhLTExZTYtOGY4OC0zNDM2M2JjN2M0YzAiOnsiY3JlYXRlIjoxODAwMDAwMDAwMDAwLCJkZWxldGUiOjE4MDAwMDAwMDAwMDAsInJlYWQiOjMwMDAwMDAwMDAwMCwidXBkYXRlIjoxODAwMDAwMDAwMDAwfX0=",
          "dependencies": [
            "data.azurerm_resource_group.app_rg",
            "data.azurerm_subnet.app",
            "data.azurerm_virtual_network.vnet",
            "module.internal_lb.azurerm_lb.this",
            "module.internal_lb.azurerm_public_ip.this"
          ]
        }
      ]
    },
    {
      "module": "module.internal_lb",
      "mode": "managed",
      "type": "azurerm_lb_probe",
      "name": "this",
      "provider": "module.internal_lb.provider[\"registry.terraform.io/hashicorp/azurerm\"]",
      "instances": [
        {
          "index_key": "http-80",
          "schema_version": 0,
          "attributes": {
            "id": "/subscriptions/6e05c1d3-15e2-4383-a0dc-2d5a20e44289/resourceGroups/rg-sdstest-lb-prod/providers/Microsoft.Network/loadBalancers/sdstest-ilb-01-prod/probes/http-80",
            "interval_in_seconds": 5,
            "load_balancer_rules": [
              "/subscriptions/6e05c1d3-15e2-4383-a0dc-2d5a20e44289/resourceGroups/rg-sdstest-lb-prod/providers/Microsoft.Network/loadBalancers/sdstest-ilb-01-prod/loadBalancingRules/http-80"
            ],
            "loadbalancer_id": "/subscriptions/6e05c1d3-15e2-4383-a0dc-2d5a20e44289/resourceGroups/rg-sdstest-lb-prod/providers/Microsoft.Network/loadBalancers/sdstest-ilb-01-prod",
            "name": "http-80",
            "number_of_probes": 2,
            "port": 80,
            "probe_threshold": 1,
            "protocol": "Tcp",
            "request_path": "",
            "timeouts": null
          },
          "sensitive_attributes": [],
          "identity_schema_version": 0,
          "private": "eyJlMmJmYjczMC1lY2FhLTExZTYtOGY4OC0zNDM2M2JjN2M0YzAiOnsiY3JlYXRlIjoxODAwMDAwMDAwMDAwLCJkZWxldGUiOjE4MDAwMDAwMDAwMDAsInJlYWQiOjMwMDAwMDAwMDAwMCwidXBkYXRlIjoxODAwMDAwMDAwMDAwfX0=",
          "dependencies": [
            "data.azurerm_resource_group.app_rg",
            "data.azurerm_subnet.app",
            "data.azurerm_virtual_network.vnet",
            "module.internal_lb.azurerm_lb.this",
            "module.internal_lb.azurerm_public_ip.this"
          ]
        },
        {
          "index_key": "https-443",
          "schema_version": 0,
          "attributes": {
            "id": "/subscriptions/6e05c1d3-15e2-4383-a0dc-2d5a20e44289/resourceGroups/rg-sdstest-lb-prod/providers/Microsoft.Network/loadBalancers/sdstest-ilb-01-prod/probes/https-443",
            "interval_in_seconds": 5,
            "load_balancer_rules": [
              "/subscriptions/6e05c1d3-15e2-4383-a0dc-2d5a20e44289/resourceGroups/rg-sdstest-lb-prod/providers/Microsoft.Network/loadBalancers/sdstest-ilb-01-prod/loadBalancingRules/https-443"
            ],
            "loadbalancer_id": "/subscriptions/6e05c1d3-15e2-4383-a0dc-2d5a20e44289/resourceGroups/rg-sdstest-lb-prod/providers/Microsoft.Network/loadBalancers/sdstest-ilb-01-prod",
            "name": "https-443",
            "number_of_probes": 2,
            "port": 443,
            "probe_threshold": 1,
            "protocol": "Tcp",
            "request_path": "",
            "timeouts": null
          },
          "sensitive_attributes": [],
          "identity_schema_version": 0,
          "private": "eyJlMmJmYjczMC1lY2FhLTExZTYtOGY4OC0zNDM2M2JjN2M0YzAiOnsiY3JlYXRlIjoxODAwMDAwMDAwMDAwLCJkZWxldGUiOjE4MDAwMDAwMDAwMDAsInJlYWQiOjMwMDAwMDAwMDAwMCwidXBkYXRlIjoxODAwMDAwMDAwMDAwfX0=",
          "dependencies": [
            "data.azurerm_resource_group.app_rg",
            "data.azurerm_subnet.app",
            "data.azurerm_virtual_network.vnet",
            "module.internal_lb.azurerm_lb.this",
            "module.internal_lb.azurerm_public_ip.this"
          ]
        }
      ]
    },
    {
      "module": "module.internal_lb",
      "mode": "managed",
      "type": "azurerm_lb_rule",
      "name": "this",
      "provider": "module.internal_lb.provider[\"registry.terraform.io/hashicorp/azurerm\"]",
      "instances": [
        {
          "index_key": "http-80",
          "schema_version": 0,
          "attributes": {
            "backend_address_pool_ids": [
              "/subscriptions/6e05c1d3-15e2-4383-a0dc-2d5a20e44289/resourceGroups/rg-sdstest-lb-prod/providers/Microsoft.Network/loadBalancers/sdstest-ilb-01-prod/backendAddressPools/backend-pool"
            ],
            "backend_port": 80,
            "disable_outbound_snat": true,
            "enable_floating_ip": false,
            "enable_tcp_reset": false,
            "frontend_ip_configuration_id": "/subscriptions/6e05c1d3-15e2-4383-a0dc-2d5a20e44289/resourceGroups/rg-sdstest-lb-prod/providers/Microsoft.Network/loadBalancers/sdstest-ilb-01-prod/frontendIPConfigurations/sdstest-ilb-01-prod-fe",
            "frontend_ip_configuration_name": "sdstest-ilb-01-prod-fe",
            "frontend_port": 80,
            "id": "/subscriptions/6e05c1d3-15e2-4383-a0dc-2d5a20e44289/resourceGroups/rg-sdstest-lb-prod/providers/Microsoft.Network/loadBalancers/sdstest-ilb-01-prod/loadBalancingRules/http-80",
            "idle_timeout_in_minutes": 4,
            "load_distribution": "Default",
            "loadbalancer_id": "/subscriptions/6e05c1d3-15e2-4383-a0dc-2d5a20e44289/resourceGroups/rg-sdstest-lb-prod/providers/Microsoft.Network/loadBalancers/sdstest-ilb-01-prod",
            "name": "http-80",
            "probe_id": "/subscriptions/6e05c1d3-15e2-4383-a0dc-2d5a20e44289/resourceGroups/rg-sdstest-lb-prod/providers/Microsoft.Network/loadBalancers/sdstest-ilb-01-prod/probes/http-80",
            "protocol": "Tcp",
            "timeouts": null
          },
          "sensitive_attributes": [],
          "identity_schema_version": 0,
          "private": "eyJlMmJmYjczMC1lY2FhLTExZTYtOGY4OC0zNDM2M2JjN2M0YzAiOnsiY3JlYXRlIjoxODAwMDAwMDAwMDAwLCJkZWxldGUiOjE4MDAwMDAwMDAwMDAsInJlYWQiOjMwMDAwMDAwMDAwMCwidXBkYXRlIjoxODAwMDAwMDAwMDAwfX0=",
          "dependencies": [
            "data.azurerm_resource_group.app_rg",
            "data.azurerm_subnet.app",
            "data.azurerm_virtual_network.vnet",
            "module.internal_lb.azurerm_lb.this",
            "module.internal_lb.azurerm_lb_backend_address_pool.this",
            "module.internal_lb.azurerm_lb_probe.this",
            "module.internal_lb.azurerm_public_ip.this"
          ]
        },
        {
          "index_key": "https-443",
          "schema_version": 0,
          "attributes": {
            "backend_address_pool_ids": [
              "/subscriptions/6e05c1d3-15e2-4383-a0dc-2d5a20e44289/resourceGroups/rg-sdstest-lb-prod/providers/Microsoft.Network/loadBalancers/sdstest-ilb-01-prod/backendAddressPools/backend-pool"
            ],
            "backend_port": 443,
            "disable_outbound_snat": true,
            "enable_floating_ip": false,
            "enable_tcp_reset": false,
            "frontend_ip_configuration_id": "/subscriptions/6e05c1d3-15e2-4383-a0dc-2d5a20e44289/resourceGroups/rg-sdstest-lb-prod/providers/Microsoft.Network/loadBalancers/sdstest-ilb-01-prod/frontendIPConfigurations/sdstest-ilb-01-prod-fe",
            "frontend_ip_configuration_name": "sdstest-ilb-01-prod-fe",
            "frontend_port": 443,
            "id": "/subscriptions/6e05c1d3-15e2-4383-a0dc-2d5a20e44289/resourceGroups/rg-sdstest-lb-prod/providers/Microsoft.Network/loadBalancers/sdstest-ilb-01-prod/loadBalancingRules/https-443",
            "idle_timeout_in_minutes": 4,
            "load_distribution": "Default",
            "loadbalancer_id": "/subscriptions/6e05c1d3-15e2-4383-a0dc-2d5a20e44289/resourceGroups/rg-sdstest-lb-prod/providers/Microsoft.Network/loadBalancers/sdstest-ilb-01-prod",
            "name": "https-443",
            "probe_id": "/subscriptions/6e05c1d3-15e2-4383-a0dc-2d5a20e44289/resourceGroups/rg-sdstest-lb-prod/providers/Microsoft.Network/loadBalancers/sdstest-ilb-01-prod/probes/https-443",
            "protocol": "Tcp",
            "timeouts": null
          },
          "sensitive_attributes": [],
          "identity_schema_version": 0,
          "private": "eyJlMmJmYjczMC1lY2FhLTExZTYtOGY4OC0zNDM2M2JjN2M0YzAiOnsiY3JlYXRlIjoxODAwMDAwMDAwMDAwLCJkZWxldGUiOjE4MDAwMDAwMDAwMDAsInJlYWQiOjMwMDAwMDAwMDAwMCwidXBkYXRlIjoxODAwMDAwMDAwMDAwfX0=",
          "dependencies": [
            "data.azurerm_resource_group.app_rg",
            "data.azurerm_subnet.app",
            "data.azurerm_virtual_network.vnet",
            "module.internal_lb.azurerm_lb.this",
            "module.internal_lb.azurerm_lb_backend_address_pool.this",
            "module.internal_lb.azurerm_lb_probe.this",
            "module.internal_lb.azurerm_public_ip.this"
          ]
        }
      ]
    }
  ],
  "check_results": [
    {
      "object_kind": "var",
      "config_addr": "module.internal_lb.var.public_ip_sku",
      "status": "pass",
      "objects": [
        {
          "object_addr": "module.internal_lb.var.public_ip_sku",
          "status": "pass"
        }
      ]
    },
    {
      "object_kind": "var",
      "config_addr": "var.frontend_private_ip_allocation",
      "status": "pass",
      "objects": [
        {
          "object_addr": "var.frontend_private_ip_allocation",
          "status": "pass"
        }
      ]
    },
    {
      "object_kind": "var",
      "config_addr": "module.internal_lb.var.frontend_private_ip_allocation",
      "status": "pass",
      "objects": [
        {
          "object_addr": "module.internal_lb.var.frontend_private_ip_allocation",
          "status": "pass"
        }
      ]
    },
    {
      "object_kind": "var",
      "config_addr": "module.internal_lb.var.public_ip_sku_tier",
      "status": "pass",
      "objects": [
        {
          "object_addr": "module.internal_lb.var.public_ip_sku_tier",
          "status": "pass"
        }
      ]
    },
    {
      "object_kind": "var",
      "config_addr": "module.internal_lb.var.public_ip_allocation_method",
      "status": "pass",
      "objects": [
        {
          "object_addr": "module.internal_lb.var.public_ip_allocation_method",
          "status": "pass"
        }
      ]
    },
    {
      "object_kind": "resource",
      "config_addr": "module.internal_lb.azurerm_monitor_diagnostic_setting.lb",
      "status": "pass",
      "objects": null
    },
    {
      "object_kind": "var",
      "config_addr": "module.internal_lb.var.type",
      "status": "pass",
      "objects": [
        {
          "object_addr": "module.internal_lb.var.type",
          "status": "pass"
        }
      ]
    },
    {
      "object_kind": "var",
      "config_addr": "module.internal_lb.var.outbound_protocol",
      "status": "pass",
      "objects": [
        {
          "object_addr": "module.internal_lb.var.outbound_protocol",
          "status": "pass"
        }
      ]
    },
    {
      "object_kind": "var",
      "config_addr": "module.internal_lb.var.deployment_scope",
      "status": "pass",
      "objects": [
        {
          "object_addr": "module.internal_lb.var.deployment_scope",
          "status": "pass"
        }
      ]
    }
  ]
}
